
Microsoft Visual Studio Solution File, Format Version 12.00
# Visual Studio Version 17
VisualStudioVersion = 17.6.33717.318
MinimumVisualStudioVersion = 10.0.40219.1
Project("{FAE04EC0-301F-11D3-BF4B-00C04F79EFBC}") = "RiskAssessment", "RiskAssessment\RiskAssessment.csproj", "{BA6D064A-253F-47C6-BB69-4AE90DEA1E6C}"
EndProject
Global
	GlobalSection(SolutionConfigurationPlatforms) = preSolution
		Debug|Any CPU = Debug|Any CPU
		Release|Any CPU = Release|Any CPU
	EndGlobalSection
	GlobalSection(ProjectConfigurationPlatforms) = postSolution
		{BA6D064A-253F-47C6-BB69-4AE90DEA1E6C}.Debug|Any CPU.ActiveCfg = Debug|Any CPU
		{BA6D064A-253F-47C6-BB69-4AE90DEA1E6C}.Debug|Any CPU.Build.0 = Debug|Any CPU
		{BA6D064A-253F-47C6-BB69-4AE90DEA1E6C}.Release|Any CPU.ActiveCfg = Release|Any CPU
		{BA6D064A-253F-47C6-BB69-4AE90DEA1E6C}.Release|Any CPU.Build.0 = Release|Any CPU
	EndGlobalSection
	GlobalSection(SolutionProperties) = preSolution
		HideSolutionNode = FALSE
	EndGlobalSection
	GlobalSection(ExtensibilityGlobals) = postSolution
		SolutionGuid = {40E9AC1C-D041-4FEB-B2BD-938807308F5C}
	EndGlobalSection
EndGlobal
